// !$*UTF8*$!
{
	archiveVersion = 1;
	classes = {
	};
	objectVersion = 46;
	objects = {

/* Begin PBXBuildFile section */
		3AD2A7B11C0A02E900FA2DB0 /* AppDelegate.swift in Sources */ = {isa = PBXBuildFile; fileRef = 3AD2A7B01C0A02E900FA2DB0 /* AppDelegate.swift */; };
		3AD2A7B31C0A02E900FA2DB0 /* ViewController.swift in Sources */ = {isa = PBXBuildFile; fileRef = 3AD2A7B21C0A02E900FA2DB0 /* ViewController.swift */; };
		3AD2A7B61C0A02E900FA2DB0 /* Main.storyboard in Resources */ = {isa = PBXBuildFile; fileRef = 3AD2A7B41C0A02E900FA2DB0 /* Main.storyboard */; };
		3AD2A7B81C0A02E900FA2DB0 /* Assets.xcassets in Resources */ = {isa = PBXBuildFile; fileRef = 3AD2A7B71C0A02E900FA2DB0 /* Assets.xcassets */; };
		3AD2A7BB1C0A02E900FA2DB0 /* LaunchScreen.storyboard in Resources */ = {isa = PBXBuildFile; fileRef = 3AD2A7B91C0A02E900FA2DB0 /* LaunchScreen.storyboard */; };
		3AD2A7C01C0A02E900FA2DB0 /* watchPizza WatchKit App.app in Embed Watch Content */ = {isa = PBXBuildFile; fileRef = 3AD2A7BF1C0A02E900FA2DB0 /* watchPizza WatchKit App.app */; };
		3AD2A7C81C0A02E900FA2DB0 /* Assets.xcassets in Resources */ = {isa = PBXBuildFile; fileRef = 3AD2A7C71C0A02E900FA2DB0 /* Assets.xcassets */; };
		3AD2A7CF1C0A02E900FA2DB0 /* watchPizza WatchKit Extension.appex in Embed App Extensions */ = {isa = PBXBuildFile; fileRef = 3AD2A7CE1C0A02E900FA2DB0 /* watchPizza WatchKit Extension.appex */; settings = {ATTRIBUTES = (RemoveHeadersOnCopy, ); }; };
		3AD2A7D61C0A02E900FA2DB0 /* InterfaceController.swift in Sources */ = {isa = PBXBuildFile; fileRef = 3AD2A7D51C0A02E900FA2DB0 /* InterfaceController.swift */; };
		3AD2A7D81C0A02E900FA2DB0 /* ExtensionDelegate.swift in Sources */ = {isa = PBXBuildFile; fileRef = 3AD2A7D71C0A02E900FA2DB0 /* ExtensionDelegate.swift */; };
		3AD2A7DA1C0A02E900FA2DB0 /* NotificationController.swift in Sources */ = {isa = PBXBuildFile; fileRef = 3AD2A7D91C0A02E900FA2DB0 /* NotificationController.swift */; };
		3AD2A7DC1C0A02E900FA2DB0 /* GlanceController.swift in Sources */ = {isa = PBXBuildFile; fileRef = 3AD2A7DB1C0A02E900FA2DB0 /* GlanceController.swift */; };
		3AD2A7DE1C0A02E900FA2DB0 /* Assets.xcassets in Resources */ = {isa = PBXBuildFile; fileRef = 3AD2A7DD1C0A02E900FA2DB0 /* Assets.xcassets */; };
		3AD2A7EE1C0A09EA00FA2DB0 /* VistaTamano.swift in Sources */ = {isa = PBXBuildFile; fileRef = 3AD2A7ED1C0A09EA00FA2DB0 /* VistaTamano.swift */; };
		3AD2A7F01C0A114000FA2DB0 /* Valor.swift in Sources */ = {isa = PBXBuildFile; fileRef = 3AD2A7EF1C0A114000FA2DB0 /* Valor.swift */; };
		3AD2A7F21C0A156400FA2DB0 /* VistaMasa.swift in Sources */ = {isa = PBXBuildFile; fileRef = 3AD2A7F11C0A156400FA2DB0 /* VistaMasa.swift */; };
		3AD2A7F41C0A1B8D00FA2DB0 /* VistaQueso.swift in Sources */ = {isa = PBXBuildFile; fileRef = 3AD2A7F31C0A1B8D00FA2DB0 /* VistaQueso.swift */; };
		3AD2A7F61C0A202D00FA2DB0 /* VistaIngredientes.swift in Sources */ = {isa = PBXBuildFile; fileRef = 3AD2A7F51C0A202D00FA2DB0 /* VistaIngredientes.swift */; };
		3AD2A7F81C0A31CF00FA2DB0 /* VistaResumen.swift in Sources */ = {isa = PBXBuildFile; fileRef = 3AD2A7F71C0A31CF00FA2DB0 /* VistaResumen.swift */; };
		3AD2A8461C0A363100FA2DB0 /* Interface.storyboard in Resources */ = {isa = PBXBuildFile; fileRef = 3AD2A8441C0A363100FA2DB0 /* Interface.storyboard */; };
/* End PBXBuildFile section */

/* Begin PBXContainerItemProxy section */
		3AD2A7C11C0A02E900FA2DB0 /* PBXContainerItemProxy */ = {
			isa = PBXContainerItemProxy;
			containerPortal = 3AD2A7A51C0A02E900FA2DB0 /* Project object */;
			proxyType = 1;
			remoteGlobalIDString = 3AD2A7BE1C0A02E900FA2DB0;
			remoteInfo = "watchPizza WatchKit App";
		};
		3AD2A7D01C0A02E900FA2DB0 /* PBXContainerItemProxy */ = {
			isa = PBXContainerItemProxy;
			containerPortal = 3AD2A7A51C0A02E900FA2DB0 /* Project object */;
			proxyType = 1;
			remoteGlobalIDString = 3AD2A7CD1C0A02E900FA2DB0;
			remoteInfo = "watchPizza WatchKit Extension";
		};
/* End PBXContainerItemProxy section */

/* Begin PBXCopyFilesBuildPhase section */
		3AD2A7E51C0A02E900FA2DB0 /* Embed App Extensions */ = {
			isa = PBXCopyFilesBuildPhase;
			buildActionMask = 2147483647;
			dstPath = "";
			dstSubfolderSpec = 13;
			files = (
				3AD2A7CF1C0A02E900FA2DB0 /* watchPizza WatchKit Extension.appex in Embed App Extensions */,
			);
			name = "Embed App Extensions";
			runOnlyForDeploymentPostprocessing = 0;
		};
		3AD2A7E91C0A02E900FA2DB0 /* Embed Watch Content */ = {
			isa = PBXCopyFilesBuildPhase;
			buildActionMask = 2147483647;
			dstPath = "$(CONTENTS_FOLDER_PATH)/Watch";
			dstSubfolderSpec = 16;
			files = (
				3AD2A7C01C0A02E900FA2DB0 /* watchPizza WatchKit App.app in Embed Watch Content */,
			);
			name = "Embed Watch Content";
			runOnlyForDeploymentPostprocessing = 0;
		};
/* End PBXCopyFilesBuildPhase section */

/* Begin PBXFileReference section */
		3AD2A7AD1C0A02E900FA2DB0 /* watchPizza.app */ = {isa = PBXFileReference; explicitFileType = wrapper.application; includeInIndex = 0; path = watchPizza.app; sourceTree = BUILT_PRODUCTS_DIR; };
		3AD2A7B01C0A02E900FA2DB0 /* AppDelegate.swift */ = {isa = PBXFileReference; lastKnownFileType = sourcecode.swift; path = AppDelegate.swift; sourceTree = "<group>"; };
		3AD2A7B21C0A02E900FA2DB0 /* ViewController.swift */ = {isa = PBXFileReference; lastKnownFileType = sourcecode.swift; path = ViewController.swift; sourceTree = "<group>"; };
		3AD2A7B51C0A02E900FA2DB0 /* Base */ = {isa = PBXFileReference; lastKnownFileType = file.storyboard; name = Base; path = Base.lproj/Main.storyboard; sourceTree = "<group>"; };
		3AD2A7B71C0A02E900FA2DB0 /* Assets.xcassets */ = {isa = PBXFileReference; lastKnownFileType = folder.assetcatalog; path = Assets.xcassets; sourceTree = "<group>"; };
		3AD2A7BA1C0A02E900FA2DB0 /* Base */ = {isa = PBXFileReference; lastKnownFileType = file.storyboard; name = Base; path = Base.lproj/LaunchScreen.storyboard; sourceTree = "<group>"; };
		3AD2A7BC1C0A02E900FA2DB0 /* Info.plist */ = {isa = PBXFileReference; lastKnownFileType = text.plist.xml; path = Info.plist; sourceTree = "<group>"; };
		3AD2A7BF1C0A02E900FA2DB0 /* watchPizza WatchKit App.app */ = {isa = PBXFileReference; explicitFileType = wrapper.application; includeInIndex = 0; path = "watchPizza WatchKit App.app"; sourceTree = BUILT_PRODUCTS_DIR; };
		3AD2A7C71C0A02E900FA2DB0 /* Assets.xcassets */ = {isa = PBXFileReference; lastKnownFileType = folder.assetcatalog; path = Assets.xcassets; sourceTree = "<group>"; };
		3AD2A7C91C0A02E900FA2DB0 /* Info.plist */ = {isa = PBXFileReference; lastKnownFileType = text.plist.xml; path = Info.plist; sourceTree = "<group>"; };
		3AD2A7CE1C0A02E900FA2DB0 /* watchPizza WatchKit Extension.appex */ = {isa = PBXFileReference; explicitFileType = "wrapper.app-extension"; includeInIndex = 0; path = "watchPizza WatchKit Extension.appex"; sourceTree = BUILT_PRODUCTS_DIR; };
		3AD2A7D41C0A02E900FA2DB0 /* PushNotificationPayload.apns */ = {isa = PBXFileReference; lastKnownFileType = text; path = PushNotificationPayload.apns; sourceTree = "<group>"; };
		3AD2A7D51C0A02E900FA2DB0 /* InterfaceController.swift */ = {isa = PBXFileReference; lastKnownFileType = sourcecode.swift; path = InterfaceController.swift; sourceTree = "<group>"; };
		3AD2A7D71C0A02E900FA2DB0 /* ExtensionDelegate.swift */ = {isa = PBXFileReference; lastKnownFileType = sourcecode.swift; path = ExtensionDelegate.swift; sourceTree = "<group>"; };
		3AD2A7D91C0A02E900FA2DB0 /* NotificationController.swift */ = {isa = PBXFileReference; lastKnownFileType = sourcecode.swift; path = NotificationController.swift; sourceTree = "<group>"; };
		3AD2A7DB1C0A02E900FA2DB0 /* GlanceController.swift */ = {isa = PBXFileReference; lastKnownFileType = sourcecode.swift; path = GlanceController.swift; sourceTree = "<group>"; };
		3AD2A7DD1C0A02E900FA2DB0 /* Assets.xcassets */ = {isa = PBXFileReference; lastKnownFileType = folder.assetcatalog; path = Assets.xcassets; sourceTree = "<group>"; };
		3AD2A7DF1C0A02E900FA2DB0 /* Info.plist */ = {isa = PBXFileReference; lastKnownFileType = text.plist.xml; path = Info.plist; sourceTree = "<group>"; };
		3AD2A7ED1C0A09EA00FA2DB0 /* VistaTamano.swift */ = {isa = PBXFileReference; fileEncoding = 4; lastKnownFileType = sourcecode.swift; path = VistaTamano.swift; sourceTree = "<group>"; };
		3AD2A7EF1C0A114000FA2DB0 /* Valor.swift */ = {isa = PBXFileReference; fileEncoding = 4; lastKnownFileType = sourcecode.swift; path = Valor.swift; sourceTree = "<group>"; };
		3AD2A7F11C0A156400FA2DB0 /* VistaMasa.swift */ = {isa = PBXFileReference; fileEncoding = 4; lastKnownFileType = sourcecode.swift; path = VistaMasa.swift; sourceTree = "<group>"; };
		3AD2A7F31C0A1B8D00FA2DB0 /* VistaQueso.swift */ = {isa = PBXFileReference; fileEncoding = 4; lastKnownFileType = sourcecode.swift; path = VistaQueso.swift; sourceTree = "<group>"; };
		3AD2A7F51C0A202D00FA2DB0 /* VistaIngredientes.swift */ = {isa = PBXFileReference; fileEncoding = 4; lastKnownFileType = sourcecode.swift; path = VistaIngredientes.swift; sourceTree = "<group>"; };
		3AD2A7F71C0A31CF00FA2DB0 /* VistaResumen.swift */ = {isa = PBXFileReference; fileEncoding = 4; lastKnownFileType = sourcecode.swift; path = VistaResumen.swift; sourceTree = "<group>"; };
		3AD2A8451C0A363100FA2DB0 /* Base */ = {isa = PBXFileReference; lastKnownFileType = file.storyboard; name = Base; path = Base.lproj/Interface.storyboard; sourceTree = "<group>"; };
/* End PBXFileReference section */

/* Begin PBXFrameworksBuildPhase section */
		3AD2A7AA1C0A02E900FA2DB0 /* Frameworks */ = {
			isa = PBXFrameworksBuildPhase;
			buildActionMask = 2147483647;
			files = (
			);
			runOnlyForDeploymentPostprocessing = 0;
		};
		3AD2A7CB1C0A02E900FA2DB0 /* Frameworks */ = {
			isa = PBXFrameworksBuildPhase;
			buildActionMask = 2147483647;
			files = (
			);
			runOnlyForDeploymentPostprocessing = 0;
		};
/* End PBXFrameworksBuildPhase section */

/* Begin PBXGroup section */
		3AD2A7A41C0A02E900FA2DB0 = {
			isa = PBXGroup;
			children = (
				3AD2A7AF1C0A02E900FA2DB0 /* watchPizza */,
				3AD2A7C31C0A02E900FA2DB0 /* watchPizza WatchKit App */,
				3AD2A7D21C0A02E900FA2DB0 /* watchPizza WatchKit Extension */,
				3AD2A7AE1C0A02E900FA2DB0 /* Products */,
			);
			sourceTree = "<group>";
		};
		3AD2A7AE1C0A02E900FA2DB0 /* Products */ = {
			isa = PBXGroup;
			children = (
				3AD2A7AD1C0A02E900FA2DB0 /* watchPizza.app */,
				3AD2A7BF1C0A02E900FA2DB0 /* watchPizza WatchKit App.app */,
				3AD2A7CE1C0A02E900FA2DB0 /* watchPizza WatchKit Extension.appex */,
			);
			name = Products;
			sourceTree = "<group>";
		};
		3AD2A7AF1C0A02E900FA2DB0 /* watchPizza */ = {
			isa = PBXGroup;
			children = (
				3AD2A7B01C0A02E900FA2DB0 /* AppDelegate.swift */,
				3AD2A7B21C0A02E900FA2DB0 /* ViewController.swift */,
				3AD2A7B41C0A02E900FA2DB0 /* Main.storyboard */,
				3AD2A7B71C0A02E900FA2DB0 /* Assets.xcassets */,
				3AD2A7B91C0A02E900FA2DB0 /* LaunchScreen.storyboard */,
				3AD2A7BC1C0A02E900FA2DB0 /* Info.plist */,
			);
			path = watchPizza;
			sourceTree = "<group>";
		};
		3AD2A7C31C0A02E900FA2DB0 /* watchPizza WatchKit App */ = {
			isa = PBXGroup;
			children = (
				3AD2A8441C0A363100FA2DB0 /* Interface.storyboard */,
				3AD2A7C71C0A02E900FA2DB0 /* Assets.xcassets */,
				3AD2A7C91C0A02E900FA2DB0 /* Info.plist */,
			);
			path = "watchPizza WatchKit App";
			sourceTree = "<group>";
		};
		3AD2A7D21C0A02E900FA2DB0 /* watchPizza WatchKit Extension */ = {
			isa = PBXGroup;
			children = (
				3AD2A7D51C0A02E900FA2DB0 /* InterfaceController.swift */,
				3AD2A7D71C0A02E900FA2DB0 /* ExtensionDelegate.swift */,
				3AD2A7D91C0A02E900FA2DB0 /* NotificationController.swift */,
				3AD2A7DB1C0A02E900FA2DB0 /* GlanceController.swift */,
				3AD2A7DD1C0A02E900FA2DB0 /* Assets.xcassets */,
				3AD2A7DF1C0A02E900FA2DB0 /* Info.plist */,
				3AD2A7D31C0A02E900FA2DB0 /* Supporting Files */,
				3AD2A7ED1C0A09EA00FA2DB0 /* VistaTamano.swift */,
				3AD2A7EF1C0A114000FA2DB0 /* Valor.swift */,
				3AD2A7F11C0A156400FA2DB0 /* VistaMasa.swift */,
				3AD2A7F31C0A1B8D00FA2DB0 /* VistaQueso.swift */,
				3AD2A7F51C0A202D00FA2DB0 /* VistaIngredientes.swift */,
				3AD2A7F71C0A31CF00FA2DB0 /* VistaResumen.swift */,
			);
			path = "watchPizza WatchKit Extension";
			sourceTree = "<group>";
		};
		3AD2A7D31C0A02E900FA2DB0 /* Supporting Files */ = {
			isa = PBXGroup;
			children = (
				3AD2A7D41C0A02E900FA2DB0 /* PushNotificationPayload.apns */,
			);
			name = "Supporting Files";
			sourceTree = "<group>";
		};
/* End PBXGroup section */

/* Begin PBXNativeTarget section */
		3AD2A7AC1C0A02E900FA2DB0 /* watchPizza */ = {
			isa = PBXNativeTarget;
			buildConfigurationList = 3AD2A7EA1C0A02E900FA2DB0 /* Build configuration list for PBXNativeTarget "watchPizza" */;
			buildPhases = (
				3AD2A7A91C0A02E900FA2DB0 /* Sources */,
				3AD2A7AA1C0A02E900FA2DB0 /* Frameworks */,
				3AD2A7AB1C0A02E900FA2DB0 /* Resources */,
				3AD2A7E91C0A02E900FA2DB0 /* Embed Watch Content */,
			);
			buildRules = (
			);
			dependencies = (
				3AD2A7C21C0A02E900FA2DB0 /* PBXTargetDependency */,
			);
			name = watchPizza;
			productName = watchPizza;
			productReference = 3AD2A7AD1C0A02E900FA2DB0 /* watchPizza.app */;
			productType = "com.apple.product-type.application";
		};
		3AD2A7BE1C0A02E900FA2DB0 /* watchPizza WatchKit App */ = {
			isa = PBXNativeTarget;
			buildConfigurationList = 3AD2A7E61C0A02E900FA2DB0 /* Build configuration list for PBXNativeTarget "watchPizza WatchKit App" */;
			buildPhases = (
				3AD2A7BD1C0A02E900FA2DB0 /* Resources */,
				3AD2A7E51C0A02E900FA2DB0 /* Embed App Extensions */,
			);
			buildRules = (
			);
			dependencies = (
				3AD2A7D11C0A02E900FA2DB0 /* PBXTargetDependency */,
			);
			name = "watchPizza WatchKit App";
			productName = "watchPizza WatchKit App";
			productReference = 3AD2A7BF1C0A02E900FA2DB0 /* watchPizza WatchKit App.app */;
			productType = "com.apple.product-type.application.watchapp2";
		};
		3AD2A7CD1C0A02E900FA2DB0 /* watchPizza WatchKit Extension */ = {
			isa = PBXNativeTarget;
			buildConfigurationList = 3AD2A7E21C0A02E900FA2DB0 /* Build configuration list for PBXNativeTarget "watchPizza WatchKit Extension" */;
			buildPhases = (
				3AD2A7CA1C0A02E900FA2DB0 /* Sources */,
				3AD2A7CB1C0A02E900FA2DB0 /* Frameworks */,
				3AD2A7CC1C0A02E900FA2DB0 /* Resources */,
			);
			buildRules = (
			);
			dependencies = (
			);
			name = "watchPizza WatchKit Extension";
			productName = "watchPizza WatchKit Extension";
			productReference = 3AD2A7CE1C0A02E900FA2DB0 /* watchPizza WatchKit Extension.appex */;
			productType = "com.apple.product-type.watchkit2-extension";
		};
/* End PBXNativeTarget section */

/* Begin PBXProject section */
		3AD2A7A51C0A02E900FA2DB0 /* Project object */ = {
			isa = PBXProject;
			attributes = {
				LastSwiftUpdateCheck = 0710;
				LastUpgradeCheck = 0710;
				ORGANIZATIONNAME = "David Perez Conde";
				TargetAttributes = {
					3AD2A7AC1C0A02E900FA2DB0 = {
						CreatedOnToolsVersion = 7.1.1;
						DevelopmentTeam = 8785X8PFKL;
					};
					3AD2A7BE1C0A02E900FA2DB0 = {
						CreatedOnToolsVersion = 7.1.1;
						DevelopmentTeam = 8785X8PFKL;
					};
					3AD2A7CD1C0A02E900FA2DB0 = {
						CreatedOnToolsVersion = 7.1.1;
						DevelopmentTeam = 8785X8PFKL;
					};
				};
			};
			buildConfigurationList = 3AD2A7A81C0A02E900FA2DB0 /* Build configuration list for PBXProject "watchPizza" */;
			compatibilityVersion = "Xcode 3.2";
			developmentRegion = English;
			hasScannedForEncodings = 0;
			knownRegions = (
				en,
				Base,
			);
			mainGroup = 3AD2A7A41C0A02E900FA2DB0;
			productRefGroup = 3AD2A7AE1C0A02E900FA2DB0 /* Products */;
			projectDirPath = "";
			projectRoot = "";
			targets = (
				3AD2A7AC1C0A02E900FA2DB0 /* watchPizza */,
				3AD2A7BE1C0A02E900FA2DB0 /* watchPizza WatchKit App */,
				3AD2A7CD1C0A02E900FA2DB0 /* watchPizza WatchKit Extension */,
			);
		};
/* End PBXProject section */

/* Begin PBXResourcesBuildPhase section */
		3AD2A7AB1C0A02E900FA2DB0 /* Resources */ = {
			isa = PBXResourcesBuildPhase;
			buildActionMask = 2147483647;
			files = (
				3AD2A7BB1C0A02E900FA2DB0 /* LaunchScreen.storyboard in Resources */,
				3AD2A7B81C0A02E900FA2DB0 /* Assets.xcassets in Resources */,
				3AD2A7B61C0A02E900FA2DB0 /* Main.storyboard in Resources */,
			);
			runOnlyForDeploymentPostprocessing = 0;
		};
		3AD2A7BD1C0A02E900FA2DB0 /* Resources */ = {
			isa = PBXResourcesBuildPhase;
			buildActionMask = 2147483647;
			files = (
				3AD2A8461C0A363100FA2DB0 /* Interface.storyboard in Resources */,
				3AD2A7C81C0A02E900FA2DB0 /* Assets.xcassets in Resources */,
			);
			runOnlyForDeploymentPostprocessing = 0;
		};
		3AD2A7CC1C0A02E900FA2DB0 /* Resources */ = {
			isa = PBXResourcesBuildPhase;
			buildActionMask = 2147483647;
			files = (
				3AD2A7DE1C0A02E900FA2DB0 /* Assets.xcassets in Resources */,
			);
			runOnlyForDeploymentPostprocessing = 0;
		};
/* End PBXResourcesBuildPhase section */

/* Begin PBXSourcesBuildPhase section */
		3AD2A7A91C0A02E900FA2DB0 /* Sources */ = {
			isa = PBXSourcesBuildPhase;
			buildActionMask = 2147483647;
			files = (
				3AD2A7B31C0A02E900FA2DB0 /* ViewController.swift in Sources */,
				3AD2A7B11C0A02E900FA2DB0 /* AppDelegate.swift in Sources */,
			);
			runOnlyForDeploymentPostprocessing = 0;
		};
		3AD2A7CA1C0A02E900FA2DB0 /* Sources */ = {
			isa = PBXSourcesBuildPhase;
			buildActionMask = 2147483647;
			files = (
				3AD2A7DA1C0A02E900FA2DB0 /* NotificationController.swift in Sources */,
				3AD2A7D81C0A02E900FA2DB0 /* ExtensionDelegate.swift in Sources */,
				3AD2A7F61C0A202D00FA2DB0 /* VistaIngredientes.swift in Sources */,
				3AD2A7EE1C0A09EA00FA2DB0 /* VistaTamano.swift in Sources */,
				3AD2A7D61C0A02E900FA2DB0 /* InterfaceController.swift in Sources */,
				3AD2A7F01C0A114000FA2DB0 /* Valor.swift in Sources */,
				3AD2A7DC1C0A02E900FA2DB0 /* GlanceController.swift in Sources */,
				3AD2A7F81C0A31CF00FA2DB0 /* VistaResumen.swift in Sources */,
				3AD2A7F21C0A156400FA2DB0 /* VistaMasa.swift in Sources */,
				3AD2A7F41C0A1B8D00FA2DB0 /* VistaQueso.swift in Sources */,
			);
			runOnlyForDeploymentPostprocessing = 0;
		};
/* End PBXSourcesBuildPhase section */

/* Begin PBXTargetDependency section */
		3AD2A7C21C0A02E900FA2DB0 /* PBXTargetDependency */ = {
			isa = PBXTargetDependency;
			target = 3AD2A7BE1C0A02E900FA2DB0 /* watchPizza WatchKit App */;
			targetProxy = 3AD2A7C11C0A02E900FA2DB0 /* PBXContainerItemProxy */;
		};
		3AD2A7D11C0A02E900FA2DB0 /* PBXTargetDependency */ = {
			isa = PBXTargetDependency;
			target = 3AD2A7CD1C0A02E900FA2DB0 /* watchPizza WatchKit Extension */;
			targetProxy = 3AD2A7D01C0A02E900FA2DB0 /* PBXContainerItemProxy */;
		};
/* End PBXTargetDependency section */

/* Begin PBXVariantGroup section */
		3AD2A7B41C0A02E900FA2DB0 /* Main.storyboard */ = {
			isa = PBXVariantGroup;
			children = (
				3AD2A7B51C0A02E900FA2DB0 /* Base */,
			);
			name = Main.storyboard;
			sourceTree = "<group>";
		};
		3AD2A7B91C0A02E900FA2DB0 /* LaunchScreen.storyboard */ = {
			isa = PBXVariantGroup;
			children = (
				3AD2A7BA1C0A02E900FA2DB0 /* Base */,
			);
			name = LaunchScreen.storyboard;
			sourceTree = "<group>";
		};
		3AD2A8441C0A363100FA2DB0 /* Interface.storyboard */ = {
			isa = PBXVariantGroup;
			children = (
				3AD2A8451C0A363100FA2DB0 /* Base */,
			);
			name = Interface.storyboard;
			sourceTree = "<group>";
		};
/* End PBXVariantGroup section */

/* Begin XCBuildConfiguration section */
		3AD2A7E01C0A02E900FA2DB0 /* Debug */ = {
			isa = XCBuildConfiguration;
			buildSettings = {
				ALWAYS_SEARCH_USER_PATHS = NO;
				CLANG_CXX_LANGUAGE_STANDARD = "gnu++0x";
				CLANG_CXX_LIBRARY = "libc++";
				CLANG_ENABLE_MODULES = YES;
				CLANG_ENABLE_OBJC_ARC = YES;
				CLANG_WARN_BOOL_CONVERSION = YES;
				CLANG_WARN_CONSTANT_CONVERSION = YES;
				CLANG_WARN_DIRECT_OBJC_ISA_USAGE = YES_ERROR;
				CLANG_WARN_EMPTY_BODY = YES;
				CLANG_WARN_ENUM_CONVERSION = YES;
				CLANG_WARN_INT_CONVERSION = YES;
				CLANG_WARN_OBJC_ROOT_CLASS = YES_ERROR;
				CLANG_WARN_UNREACHABLE_CODE = YES;
				CLANG_WARN__DUPLICATE_METHOD_MATCH = YES;
				"CODE_SIGN_IDENTITY[sdk=iphoneos*]" = "iPhone Developer";
				COPY_PHASE_STRIP = NO;
				DEBUG_INFORMATION_FORMAT = dwarf;
				ENABLE_STRICT_OBJC_MSGSEND = YES;
				ENABLE_TESTABILITY = YES;
				GCC_C_LANGUAGE_STANDARD = gnu99;
				GCC_DYNAMIC_NO_PIC = NO;
				GCC_NO_COMMON_BLOCKS = YES;
				GCC_OPTIMIZATION_LEVEL = 0;
				GCC_PREPROCESSOR_DEFINITIONS = (
					"DEBUG=1",
					"$(inherited)",
				);
				GCC_WARN_64_TO_32_BIT_CONVERSION = YES;
				GCC_WARN_ABOUT_RETURN_TYPE = YES_ERROR;
				GCC_WARN_UNDECLARED_SELECTOR = YES;
				GCC_WARN_UNINITIALIZED_AUTOS = YES_AGGRESSIVE;
				GCC_WARN_UNUSED_FUNCTION = YES;
				GCC_WARN_UNUSED_VARIABLE = YES;
				IPHONEOS_DEPLOYMENT_TARGET = 9.1;
				MTL_ENABLE_DEBUG_INFO = YES;
				ONLY_ACTIVE_ARCH = YES;
				SDKROOT = iphoneos;
				SWIFT_OPTIMIZATION_LEVEL = "-Onone";
			};
			name = Debug;
		};
		3AD2A7E11C0A02E900FA2DB0 /* Release */ = {
			isa = XCBuildConfiguration;
			buildSettings = {
				ALWAYS_SEARCH_USER_PATHS = NO;
				CLANG_CXX_LANGUAGE_STANDARD = "gnu++0x";
				CLANG_CXX_LIBRARY = "libc++";
				CLANG_ENABLE_MODULES = YES;
				CLANG_ENABLE_OBJC_ARC = YES;
				CLANG_WARN_BOOL_CONVERSION = YES;
				CLANG_WARN_CONSTANT_CONVERSION = YES;
				CLANG_WARN_DIRECT_OBJC_ISA_USAGE = YES_ERROR;
				CLANG_WARN_EMPTY_BODY = YES;
				CLANG_WARN_ENUM_CONVERSION = YES;
				CLANG_WARN_INT_CONVERSION = YES;
				CLANG_WARN_OBJC_ROOT_CLASS = YES_ERROR;
				CLANG_WARN_UNREACHABLE_CODE = YES;
				CLANG_WARN__DUPLICATE_METHOD_MATCH = YES;
				"CODE_SIGN_IDENTITY[sdk=iphoneos*]" = "iPhone Developer";
				COPY_PHASE_STRIP = NO;
				DEBUG_INFORMATION_FORMAT = "dwarf-with-dsym";
				ENABLE_NS_ASSERTIONS = NO;
				ENABLE_STRICT_OBJC_MSGSEND = YES;
				GCC_C_LANGUAGE_STANDARD = gnu99;
				GCC_NO_COMMON_BLOCKS = YES;
				GCC_WARN_64_TO_32_BIT_CONVERSION = YES;
				GCC_WARN_ABOUT_RETURN_TYPE = YES_ERROR;
				GCC_WARN_UNDECLARED_SELECTOR = YES;
				GCC_WARN_UNINITIALIZED_AUTOS = YES_AGGRESSIVE;
				GCC_WARN_UNUSED_FUNCTION = YES;
				GCC_WARN_UNUSED_VARIABLE = YES;
				IPHONEOS_DEPLOYMENT_TARGET = 9.1;
				MTL_ENABLE_DEBUG_INFO = NO;
				SDKROOT = iphoneos;
				VALIDATE_PRODUCT = YES;
			};
			name = Release;
		};
		3AD2A7E31C0A02E900FA2DB0 /* Debug */ = {
			isa = XCBuildConfiguration;
			buildSettings = {
				INFOPLIST_FILE = "watchPizza WatchKit Extension/Info.plist";
				LD_RUNPATH_SEARCH_PATHS = "$(inherited) @executable_path/Frameworks @executable_path/../../Frameworks";
				PRODUCT_BUNDLE_IDENTIFIER = com.dpc.watchPizza.watchkitapp.watchkitextension;
				PRODUCT_NAME = "${TARGET_NAME}";
				SDKROOT = watchos;
				SKIP_INSTALL = YES;
				TARGETED_DEVICE_FAMILY = 4;
				WATCHOS_DEPLOYMENT_TARGET = 2.0;
			};
			name = Debug;
		};
		3AD2A7E41C0A02E900FA2DB0 /* Release */ = {
			isa = XCBuildConfiguration;
			buildSettings = {
				INFOPLIST_FILE = "watchPizza WatchKit Extension/Info.plist";
				LD_RUNPATH_SEARCH_PATHS = "$(inherited) @executable_path/Frameworks @executable_path/../../Frameworks";
				PRODUCT_BUNDLE_IDENTIFIER = com.dpc.watchPizza.watchkitapp.watchkitextension;
				PRODUCT_NAME = "${TARGET_NAME}";
				SDKROOT = watchos;
				SKIP_INSTALL = YES;
				TARGETED_DEVICE_FAMILY = 4;
				WATCHOS_DEPLOYMENT_TARGET = 2.0;
			};
			name = Release;
		};
		3AD2A7E71C0A02E900FA2DB0 /* Debug */ = {
			isa = XCBuildConfiguration;
			buildSettings = {
				ASSETCATALOG_COMPILER_APPICON_NAME = AppIcon;
				EMBEDDED_CONTENT_CONTAINS_SWIFT = YES;
				IBSC_MODULE = watchPizza_WatchKit_Extension;
				INFOPLIST_FILE = "watchPizza WatchKit App/Info.plist";
				PRODUCT_BUNDLE_IDENTIFIER = com.dpc.watchPizza.watchkitapp;
				PRODUCT_NAME = "$(TARGET_NAME)";
				SDKROOT = watchos;
				SKIP_INSTALL = YES;
				TARGETED_DEVICE_FAMILY = 4;
				WATCHOS_DEPLOYMENT_TARGET = 2.0;
			};
			name = Debug;
		};
		3AD2A7E81C0A02E900FA2DB0 /* Release */ = {
			isa = XCBuildConfiguration;
			buildSettings = {
				ASSETCATALOG_COMPILER_APPICON_NAME = AppIcon;
				EMBEDDED_CONTENT_CONTAINS_SWIFT = YES;
				IBSC_MODULE = watchPizza_WatchKit_Extension;
				INFOPLIST_FILE = "watchPizza WatchKit App/Info.plist";
				PRODUCT_BUNDLE_IDENTIFIER = com.dpc.watchPizza.watchkitapp;
				PRODUCT_NAME = "$(TARGET_NAME)";
				SDKROOT = watchos;
				SKIP_INSTALL = YES;
				TARGETED_DEVICE_FAMILY = 4;
				WATCHOS_DEPLOYMENT_TARGET = 2.0;
			};
			name = Release;
		};
		3AD2A7EB1C0A02E900FA2DB0 /* Debug */ = {
			isa = XCBuildConfiguration;
			buildSettings = {
				ASSETCATALOG_COMPILER_APPICON_NAME = AppIcon;
				INFOPLIST_FILE = watchPizza/Info.plist;
				LD_RUNPATH_SEARCH_PATHS = "$(inherited) @executable_path/Frameworks";
				PRODUCT_BUNDLE_IDENTIFIER = com.dpc.watchPizza;
				PRODUCT_NAME = "$(TARGET_NAME)";
			};
			name = Debug;
		};
		3AD2A7EC1C0A02E900FA2DB0 /* Release */ = {
			isa = XCBuildConfiguration;
			buildSettings = {
				ASSETCATALOG_COMPILER_APPICON_NAME = AppIcon;
				INFOPLIST_FILE = watchPizza/Info.plist;
				LD_RUNPATH_SEARCH_PATHS = "$(inherited) @executable_path/Frameworks";
				PRODUCT_BUNDLE_IDENTIFIER = com.dpc.watchPizza;
				PRODUCT_NAME = "$(TARGET_NAME)";
			};
			name = Release;
		};
/* End XCBuildConfiguration section */

/* Begin XCConfigurationList section */
		3AD2A7A81C0A02E900FA2DB0 /* Build configuration list for PBXProject "watchPizza" */ = {
			isa = XCConfigurationList;
			buildConfigurations = (
				3AD2A7E01C0A02E900FA2DB0 /* Debug */,
				3AD2A7E11C0A02E900FA2DB0 /* Release */,
			);
			defaultConfigurationIsVisible = 0;
			defaultConfigurationName = Release;
		};
		3AD2A7E21C0A02E900FA2DB0 /* Build configuration list for PBXNativeTarget "watchPizza WatchKit Extension" */ = {
			isa = XCConfigurationList;
			buildConfigurations = (
				3AD2A7E31C0A02E900FA2DB0 /* Debug */,
				3AD2A7E41C0A02E900FA2DB0 /* Release */,
			);
			defaultConfigurationIsVisible = 0;
			defaultConfigurationName = Release;
		};
		3AD2A7E61C0A02E900FA2DB0 /* Build configuration list for PBXNativeTarget "watchPizza WatchKit App" */ = {
			isa = XCConfigurationList;
			buildConfigurations = (
				3AD2A7E71C0A02E900FA2DB0 /* Debug */,
				3AD2A7E81C0A02E900FA2DB0 /* Release */,
			);
			defaultConfigurationIsVisible = 0;
			defaultConfigurationName = Release;
		};
		3AD2A7EA1C0A02E900FA2DB0 /* Build configuration list for PBXNativeTarget "watchPizza" */ = {
			isa = XCConfigurationList;
			buildConfigurations = (
				3AD2A7EB1C0A02E900FA2DB0 /* Debug */,
				3AD2A7EC1C0A02E900FA2DB0 /* Release */,
			);
			defaultConfigurationIsVisible = 0;
			defaultConfigurationName = Release;
		};
/* End XCConfigurationList section */
	};
	rootObject = 3AD2A7A51C0A02E900FA2DB0 /* Project object */;
}
